
Microsoft Visual Studio Solution File, Format Version 12.00
# Visual Studio 15
VisualStudioVersion = 15.0.28307.1972
MinimumVisualStudioVersion = 10.0.40219.1
Project("{FAE04EC0-301F-11D3-BF4B-00C04F79EFBC}") = "FileManipulator", "FileManipulator\FileManipulator.csproj", "{AC6FB7CD-1F8D-4A0B-984B-EE4A5887A974}"
EndProject
Global
	GlobalSection(SolutionConfigurationPlatforms) = preSolution
		Debug|Any CPU = Debug|Any CPU
		Release|Any CPU = Release|Any CPU
	EndGlobalSection
	GlobalSection(ProjectConfigurationPlatforms) = postSolution
		{AC6FB7CD-1F8D-4A0B-984B-EE4A5887A974}.Debug|Any CPU.ActiveCfg = Debug|Any CPU
		{AC6FB7CD-1F8D-4A0B-984B-EE4A5887A974}.Debug|Any CPU.Build.0 = Debug|Any CPU
		{AC6FB7CD-1F8D-4A0B-984B-EE4A5887A974}.Release|Any CPU.ActiveCfg = Release|Any CPU
		{AC6FB7CD-1F8D-4A0B-984B-EE4A5887A974}.Release|Any CPU.Build.0 = Release|Any CPU
	EndGlobalSection
	GlobalSection(SolutionProperties) = preSolution
		HideSolutionNode = FALSE
	EndGlobalSection
	GlobalSection(ExtensibilityGlobals) = postSolution
		SolutionGuid = {635803F5-00B2-460E-ABC2-24EAB604C0CC}
	EndGlobalSection
EndGlobal
